
Microsoft Visual Studio Solution File, Format Version 12.00
# Visual Studio Version 17
VisualStudioVersion = 17.0.31903.59
MinimumVisualStudioVersion = 10.0.40219.1
Project("{FAE04EC0-301F-11D3-BF4B-00C04F79EFBC}") = "01-hello", "01-hello\01-hello.csproj", "{DB7088AA-7C28-4CD6-89D0-A65B22B154BF}"
EndProject
Project("{2150E333-8FDC-42A3-9474-1A3956D46DE8}") = "exercicies", "exercicies", "{98BE34B7-F6F9-F5D3-1323-DB8886742372}"
EndProject
Project("{FAE04EC0-301F-11D3-BF4B-00C04F79EFBC}") = "01a-brush-teeth", "exercicies\01a-brush-teeth\01a-brush-teeth.csproj", "{72A23697-2A7A-48A6-B7C7-F9F44DEFCF5E}"
EndProject
Project("{FAE04EC0-301F-11D3-BF4B-00C04F79EFBC}") = "02-variables", "02-variables\02-variables.csproj", "{2FEE2F87-6636-4C13-A8B8-1BA14A94C9D6}"
EndProject
Project("{FAE04EC0-301F-11D3-BF4B-00C04F79EFBC}") = "02b-operations", "02b-operations\02b-operations.csproj", "{E18F48CE-CA1F-4A12-92C6-911916ED269B}"
EndProject
Project("{FAE04EC0-301F-11D3-BF4B-00C04F79EFBC}") = "02a-operations-with-real-numbers", "exercicies\02a-operations-with-real-numbers\02a-operations-with-real-numbers.csproj", "{60066A71-3100-477E-AC14-E38F920D3345}"
EndProject
Project("{FAE04EC0-301F-11D3-BF4B-00C04F79EFBC}") = "02b-multiplication-table", "exercicies\02b-multiplication-table\02b-multiplication-table.csproj", "{61A91F64-03A9-4FEF-A0F7-177658FC83C1}"
EndProject
Project("{FAE04EC0-301F-11D3-BF4B-00C04F79EFBC}") = "02c-health-points", "exercicies\02c-health-points\02c-health-points.csproj", "{01383DB1-B814-45C9-8E66-0BE6F1F0B443}"
EndProject
Project("{FAE04EC0-301F-11D3-BF4B-00C04F79EFBC}") = "02d-rgp-game", "exercicies\02d-rgp-game\02d-rgp-game.csproj", "{1DCAC808-3720-487B-9F93-39B4BCF908FB}"
EndProject
Project("{2150E333-8FDC-42A3-9474-1A3956D46DE8}") = "challenges", "challenges", "{379C92FA-AB7E-77D9-FDD8-E085CB11E0ED}"
EndProject
Project("{FAE04EC0-301F-11D3-BF4B-00C04F79EFBC}") = "02a - division_remainder", "challenges\02a - division_remainder\02a - division_remainder.csproj", "{FAAF4EAE-B661-4782-B238-6103E7E3B819}"
EndProject
Project("{FAE04EC0-301F-11D3-BF4B-00C04F79EFBC}") = "02b - operation", "challenges\02b - operation\02b - operation.csproj", "{C41439BD-63CA-4D88-98F5-3E4B677595BF}"
EndProject
Project("{FAE04EC0-301F-11D3-BF4B-00C04F79EFBC}") = "03-strings", "03-strings\03-strings.csproj", "{981E00CA-890D-4672-BAC8-3F3EC09F2EAE}"
EndProject
Project("{FAE04EC0-301F-11D3-BF4B-00C04F79EFBC}") = "03a-quests", "exercicies\03a-quests\03a-quests.csproj", "{AAD41B9E-0D35-4ACC-B4B6-E53F0FFF9E88}"
EndProject
Project("{FAE04EC0-301F-11D3-BF4B-00C04F79EFBC}") = "03a-long_text", "challenges\03a-long_text\03a-long_text.csproj", "{BA23C761-00E7-442D-BB6D-517975646505}"
EndProject
Project("{FAE04EC0-301F-11D3-BF4B-00C04F79EFBC}") = "03b-count", "challenges\03b-count\03b-count.csproj", "{9B7A8E03-FC76-4C47-8182-9049EECDEB6D}"
EndProject
Project("{FAE04EC0-301F-11D3-BF4B-00C04F79EFBC}") = "04-input_output", "04-input_output\04-input_output.csproj", "{18511245-C661-4563-A2A5-40F01B4219A4}"
EndProject
Project("{FAE04EC0-301F-11D3-BF4B-00C04F79EFBC}") = "04a-operations", "exercicies\04a-operations\04a-operations.csproj", "{2EDB0361-7335-45B6-84AF-029ECBD86D65}"
EndProject
Global
	GlobalSection(SolutionConfigurationPlatforms) = preSolution
		Debug|Any CPU = Debug|Any CPU
		Debug|x64 = Debug|x64
		Debug|x86 = Debug|x86
		Release|Any CPU = Release|Any CPU
		Release|x64 = Release|x64
		Release|x86 = Release|x86
	EndGlobalSection
	GlobalSection(ProjectConfigurationPlatforms) = postSolution
		{DB7088AA-7C28-4CD6-89D0-A65B22B154BF}.Debug|Any CPU.ActiveCfg = Debug|Any CPU
		{DB7088AA-7C28-4CD6-89D0-A65B22B154BF}.Debug|Any CPU.Build.0 = Debug|Any CPU
		{DB7088AA-7C28-4CD6-89D0-A65B22B154BF}.Debug|x64.ActiveCfg = Debug|Any CPU
		{DB7088AA-7C28-4CD6-89D0-A65B22B154BF}.Debug|x64.Build.0 = Debug|Any CPU
		{DB7088AA-7C28-4CD6-89D0-A65B22B154BF}.Debug|x86.ActiveCfg = Debug|Any CPU
		{DB7088AA-7C28-4CD6-89D0-A65B22B154BF}.Debug|x86.Build.0 = Debug|Any CPU
		{DB7088AA-7C28-4CD6-89D0-A65B22B154BF}.Release|Any CPU.ActiveCfg = Release|Any CPU
		{DB7088AA-7C28-4CD6-89D0-A65B22B154BF}.Release|Any CPU.Build.0 = Release|Any CPU
		{DB7088AA-7C28-4CD6-89D0-A65B22B154BF}.Release|x64.ActiveCfg = Release|Any CPU
		{DB7088AA-7C28-4CD6-89D0-A65B22B154BF}.Release|x64.Build.0 = Release|Any CPU
		{DB7088AA-7C28-4CD6-89D0-A65B22B154BF}.Release|x86.ActiveCfg = Release|Any CPU
		{DB7088AA-7C28-4CD6-89D0-A65B22B154BF}.Release|x86.Build.0 = Release|Any CPU
		{72A23697-2A7A-48A6-B7C7-F9F44DEFCF5E}.Debug|Any CPU.ActiveCfg = Debug|Any CPU
		{72A23697-2A7A-48A6-B7C7-F9F44DEFCF5E}.Debug|Any CPU.Build.0 = Debug|Any CPU
		{72A23697-2A7A-48A6-B7C7-F9F44DEFCF5E}.Debug|x64.ActiveCfg = Debug|Any CPU
		{72A23697-2A7A-48A6-B7C7-F9F44DEFCF5E}.Debug|x64.Build.0 = Debug|Any CPU
		{72A23697-2A7A-48A6-B7C7-F9F44DEFCF5E}.Debug|x86.ActiveCfg = Debug|Any CPU
		{72A23697-2A7A-48A6-B7C7-F9F44DEFCF5E}.Debug|x86.Build.0 = Debug|Any CPU
		{72A23697-2A7A-48A6-B7C7-F9F44DEFCF5E}.Release|Any CPU.ActiveCfg = Release|Any CPU
		{72A23697-2A7A-48A6-B7C7-F9F44DEFCF5E}.Release|Any CPU.Build.0 = Release|Any CPU
		{72A23697-2A7A-48A6-B7C7-F9F44DEFCF5E}.Release|x64.ActiveCfg = Release|Any CPU
		{72A23697-2A7A-48A6-B7C7-F9F44DEFCF5E}.Release|x64.Build.0 = Release|Any CPU
		{72A23697-2A7A-48A6-B7C7-F9F44DEFCF5E}.Release|x86.ActiveCfg = Release|Any CPU
		{72A23697-2A7A-48A6-B7C7-F9F44DEFCF5E}.Release|x86.Build.0 = Release|Any CPU
		{2FEE2F87-6636-4C13-A8B8-1BA14A94C9D6}.Debug|Any CPU.ActiveCfg = Debug|Any CPU
		{2FEE2F87-6636-4C13-A8B8-1BA14A94C9D6}.Debug|Any CPU.Build.0 = Debug|Any CPU
		{2FEE2F87-6636-4C13-A8B8-1BA14A94C9D6}.Debug|x64.ActiveCfg = Debug|Any CPU
		{2FEE2F87-6636-4C13-A8B8-1BA14A94C9D6}.Debug|x64.Build.0 = Debug|Any CPU
		{2FEE2F87-6636-4C13-A8B8-1BA14A94C9D6}.Debug|x86.ActiveCfg = Debug|Any CPU
		{2FEE2F87-6636-4C13-A8B8-1BA14A94C9D6}.Debug|x86.Build.0 = Debug|Any CPU
		{2FEE2F87-6636-4C13-A8B8-1BA14A94C9D6}.Release|Any CPU.ActiveCfg = Release|Any CPU
		{2FEE2F87-6636-4C13-A8B8-1BA14A94C9D6}.Release|Any CPU.Build.0 = Release|Any CPU
		{2FEE2F87-6636-4C13-A8B8-1BA14A94C9D6}.Release|x64.ActiveCfg = Release|Any CPU
		{2FEE2F87-6636-4C13-A8B8-1BA14A94C9D6}.Release|x64.Build.0 = Release|Any CPU
		{2FEE2F87-6636-4C13-A8B8-1BA14A94C9D6}.Release|x86.ActiveCfg = Release|Any CPU
		{2FEE2F87-6636-4C13-A8B8-1BA14A94C9D6}.Release|x86.Build.0 = Release|Any CPU
		{E18F48CE-CA1F-4A12-92C6-911916ED269B}.Debug|Any CPU.ActiveCfg = Debug|Any CPU
		{E18F48CE-CA1F-4A12-92C6-911916ED269B}.Debug|Any CPU.Build.0 = Debug|Any CPU
		{E18F48CE-CA1F-4A12-92C6-911916ED269B}.Debug|x64.ActiveCfg = Debug|Any CPU
		{E18F48CE-CA1F-4A12-92C6-911916ED269B}.Debug|x64.Build.0 = Debug|Any CPU
		{E18F48CE-CA1F-4A12-92C6-911916ED269B}.Debug|x86.ActiveCfg = Debug|Any CPU
		{E18F48CE-CA1F-4A12-92C6-911916ED269B}.Debug|x86.Build.0 = Debug|Any CPU
		{E18F48CE-CA1F-4A12-92C6-911916ED269B}.Release|Any CPU.ActiveCfg = Release|Any CPU
		{E18F48CE-CA1F-4A12-92C6-911916ED269B}.Release|Any CPU.Build.0 = Release|Any CPU
		{E18F48CE-CA1F-4A12-92C6-911916ED269B}.Release|x64.ActiveCfg = Release|Any CPU
		{E18F48CE-CA1F-4A12-92C6-911916ED269B}.Release|x64.Build.0 = Release|Any CPU
		{E18F48CE-CA1F-4A12-92C6-911916ED269B}.Release|x86.ActiveCfg = Release|Any CPU
		{E18F48CE-CA1F-4A12-92C6-911916ED269B}.Release|x86.Build.0 = Release|Any CPU
		{60066A71-3100-477E-AC14-E38F920D3345}.Debug|Any CPU.ActiveCfg = Debug|Any CPU
		{60066A71-3100-477E-AC14-E38F920D3345}.Debug|Any CPU.Build.0 = Debug|Any CPU
		{60066A71-3100-477E-AC14-E38F920D3345}.Debug|x64.ActiveCfg = Debug|Any CPU
		{60066A71-3100-477E-AC14-E38F920D3345}.Debug|x64.Build.0 = Debug|Any CPU
		{60066A71-3100-477E-AC14-E38F920D3345}.Debug|x86.ActiveCfg = Debug|Any CPU
		{60066A71-3100-477E-AC14-E38F920D3345}.Debug|x86.Build.0 = Debug|Any CPU
		{60066A71-3100-477E-AC14-E38F920D3345}.Release|Any CPU.ActiveCfg = Release|Any CPU
		{60066A71-3100-477E-AC14-E38F920D3345}.Release|Any CPU.Build.0 = Release|Any CPU
		{60066A71-3100-477E-AC14-E38F920D3345}.Release|x64.ActiveCfg = Release|Any CPU
		{60066A71-3100-477E-AC14-E38F920D3345}.Release|x64.Build.0 = Release|Any CPU
		{60066A71-3100-477E-AC14-E38F920D3345}.Release|x86.ActiveCfg = Release|Any CPU
		{60066A71-3100-477E-AC14-E38F920D3345}.Release|x86.Build.0 = Release|Any CPU
		{61A91F64-03A9-4FEF-A0F7-177658FC83C1}.Debug|Any CPU.ActiveCfg = Debug|Any CPU
		{61A91F64-03A9-4FEF-A0F7-177658FC83C1}.Debug|Any CPU.Build.0 = Debug|Any CPU
		{61A91F64-03A9-4FEF-A0F7-177658FC83C1}.Debug|x64.ActiveCfg = Debug|Any CPU
		{61A91F64-03A9-4FEF-A0F7-177658FC83C1}.Debug|x64.Build.0 = Debug|Any CPU
		{61A91F64-03A9-4FEF-A0F7-177658FC83C1}.Debug|x86.ActiveCfg = Debug|Any CPU
		{61A91F64-03A9-4FEF-A0F7-177658FC83C1}.Debug|x86.Build.0 = Debug|Any CPU
		{61A91F64-03A9-4FEF-A0F7-177658FC83C1}.Release|Any CPU.ActiveCfg = Release|Any CPU
		{61A91F64-03A9-4FEF-A0F7-177658FC83C1}.Release|Any CPU.Build.0 = Release|Any CPU
		{61A91F64-03A9-4FEF-A0F7-177658FC83C1}.Release|x64.ActiveCfg = Release|Any CPU
		{61A91F64-03A9-4FEF-A0F7-177658FC83C1}.Release|x64.Build.0 = Release|Any CPU
		{61A91F64-03A9-4FEF-A0F7-177658FC83C1}.Release|x86.ActiveCfg = Release|Any CPU
		{61A91F64-03A9-4FEF-A0F7-177658FC83C1}.Release|x86.Build.0 = Release|Any CPU
		{01383DB1-B814-45C9-8E66-0BE6F1F0B443}.Debug|Any CPU.ActiveCfg = Debug|Any CPU
		{01383DB1-B814-45C9-8E66-0BE6F1F0B443}.Debug|Any CPU.Build.0 = Debug|Any CPU
		{01383DB1-B814-45C9-8E66-0BE6F1F0B443}.Debug|x64.ActiveCfg = Debug|Any CPU
		{01383DB1-B814-45C9-8E66-0BE6F1F0B443}.Debug|x64.Build.0 = Debug|Any CPU
		{01383DB1-B814-45C9-8E66-0BE6F1F0B443}.Debug|x86.ActiveCfg = Debug|Any CPU
		{01383DB1-B814-45C9-8E66-0BE6F1F0B443}.Debug|x86.Build.0 = Debug|Any CPU
		{01383DB1-B814-45C9-8E66-0BE6F1F0B443}.Release|Any CPU.ActiveCfg = Release|Any CPU
		{01383DB1-B814-45C9-8E66-0BE6F1F0B443}.Release|Any CPU.Build.0 = Release|Any CPU
		{01383DB1-B814-45C9-8E66-0BE6F1F0B443}.Release|x64.ActiveCfg = Release|Any CPU
		{01383DB1-B814-45C9-8E66-0BE6F1F0B443}.Release|x64.Build.0 = Release|Any CPU
		{01383DB1-B814-45C9-8E66-0BE6F1F0B443}.Release|x86.ActiveCfg = Release|Any CPU
		{01383DB1-B814-45C9-8E66-0BE6F1F0B443}.Release|x86.Build.0 = Release|Any CPU
		{1DCAC808-3720-487B-9F93-39B4BCF908FB}.Debug|Any CPU.ActiveCfg = Debug|Any CPU
		{1DCAC808-3720-487B-9F93-39B4BCF908FB}.Debug|Any CPU.Build.0 = Debug|Any CPU
		{1DCAC808-3720-487B-9F93-39B4BCF908FB}.Debug|x64.ActiveCfg = Debug|Any CPU
		{1DCAC808-3720-487B-9F93-39B4BCF908FB}.Debug|x64.Build.0 = Debug|Any CPU
		{1DCAC808-3720-487B-9F93-39B4BCF908FB}.Debug|x86.ActiveCfg = Debug|Any CPU
		{1DCAC808-3720-487B-9F93-39B4BCF908FB}.Debug|x86.Build.0 = Debug|Any CPU
		{1DCAC808-3720-487B-9F93-39B4BCF908FB}.Release|Any CPU.ActiveCfg = Release|Any CPU
		{1DCAC808-3720-487B-9F93-39B4BCF908FB}.Release|Any CPU.Build.0 = Release|Any CPU
		{1DCAC808-3720-487B-9F93-39B4BCF908FB}.Release|x64.ActiveCfg = Release|Any CPU
		{1DCAC808-3720-487B-9F93-39B4BCF908FB}.Release|x64.Build.0 = Release|Any CPU
		{1DCAC808-3720-487B-9F93-39B4BCF908FB}.Release|x86.ActiveCfg = Release|Any CPU
		{1DCAC808-3720-487B-9F93-39B4BCF908FB}.Release|x86.Build.0 = Release|Any CPU
		{FAAF4EAE-B661-4782-B238-6103E7E3B819}.Debug|Any CPU.ActiveCfg = Debug|Any CPU
		{FAAF4EAE-B661-4782-B238-6103E7E3B819}.Debug|Any CPU.Build.0 = Debug|Any CPU
		{FAAF4EAE-B661-4782-B238-6103E7E3B819}.Debug|x64.ActiveCfg = Debug|Any CPU
		{FAAF4EAE-B661-4782-B238-6103E7E3B819}.Debug|x64.Build.0 = Debug|Any CPU
		{FAAF4EAE-B661-4782-B238-6103E7E3B819}.Debug|x86.ActiveCfg = Debug|Any CPU
		{FAAF4EAE-B661-4782-B238-6103E7E3B819}.Debug|x86.Build.0 = Debug|Any CPU
		{FAAF4EAE-B661-4782-B238-6103E7E3B819}.Release|Any CPU.ActiveCfg = Release|Any CPU
		{FAAF4EAE-B661-4782-B238-6103E7E3B819}.Release|Any CPU.Build.0 = Release|Any CPU
		{FAAF4EAE-B661-4782-B238-6103E7E3B819}.Release|x64.ActiveCfg = Release|Any CPU
		{FAAF4EAE-B661-4782-B238-6103E7E3B819}.Release|x64.Build.0 = Release|Any CPU
		{FAAF4EAE-B661-4782-B238-6103E7E3B819}.Release|x86.ActiveCfg = Release|Any CPU
		{FAAF4EAE-B661-4782-B238-6103E7E3B819}.Release|x86.Build.0 = Release|Any CPU
		{C41439BD-63CA-4D88-98F5-3E4B677595BF}.Debug|Any CPU.ActiveCfg = Debug|Any CPU
		{C41439BD-63CA-4D88-98F5-3E4B677595BF}.Debug|Any CPU.Build.0 = Debug|Any CPU
		{C41439BD-63CA-4D88-98F5-3E4B677595BF}.Debug|x64.ActiveCfg = Debug|Any CPU
		{C41439BD-63CA-4D88-98F5-3E4B677595BF}.Debug|x64.Build.0 = Debug|Any CPU
		{C41439BD-63CA-4D88-98F5-3E4B677595BF}.Debug|x86.ActiveCfg = Debug|Any CPU
		{C41439BD-63CA-4D88-98F5-3E4B677595BF}.Debug|x86.Build.0 = Debug|Any CPU
		{C41439BD-63CA-4D88-98F5-3E4B677595BF}.Release|Any CPU.ActiveCfg = Release|Any CPU
		{C41439BD-63CA-4D88-98F5-3E4B677595BF}.Release|Any CPU.Build.0 = Release|Any CPU
		{C41439BD-63CA-4D88-98F5-3E4B677595BF}.Release|x64.ActiveCfg = Release|Any CPU
		{C41439BD-63CA-4D88-98F5-3E4B677595BF}.Release|x64.Build.0 = Release|Any CPU
		{C41439BD-63CA-4D88-98F5-3E4B677595BF}.Release|x86.ActiveCfg = Release|Any CPU
		{C41439BD-63CA-4D88-98F5-3E4B677595BF}.Release|x86.Build.0 = Release|Any CPU
		{981E00CA-890D-4672-BAC8-3F3EC09F2EAE}.Debug|Any CPU.ActiveCfg = Debug|Any CPU
		{981E00CA-890D-4672-BAC8-3F3EC09F2EAE}.Debug|Any CPU.Build.0 = Debug|Any CPU
		{981E00CA-890D-4672-BAC8-3F3EC09F2EAE}.Debug|x64.ActiveCfg = Debug|Any CPU
		{981E00CA-890D-4672-BAC8-3F3EC09F2EAE}.Debug|x64.Build.0 = Debug|Any CPU
		{981E00CA-890D-4672-BAC8-3F3EC09F2EAE}.Debug|x86.ActiveCfg = Debug|Any CPU
		{981E00CA-890D-4672-BAC8-3F3EC09F2EAE}.Debug|x86.Build.0 = Debug|Any CPU
		{981E00CA-890D-4672-BAC8-3F3EC09F2EAE}.Release|Any CPU.ActiveCfg = Release|Any CPU
		{981E00CA-890D-4672-BAC8-3F3EC09F2EAE}.Release|Any CPU.Build.0 = Release|Any CPU
		{981E00CA-890D-4672-BAC8-3F3EC09F2EAE}.Release|x64.ActiveCfg = Release|Any CPU
		{981E00CA-890D-4672-BAC8-3F3EC09F2EAE}.Release|x64.Build.0 = Release|Any CPU
		{981E00CA-890D-4672-BAC8-3F3EC09F2EAE}.Release|x86.ActiveCfg = Release|Any CPU
		{981E00CA-890D-4672-BAC8-3F3EC09F2EAE}.Release|x86.Build.0 = Release|Any CPU
		{AAD41B9E-0D35-4ACC-B4B6-E53F0FFF9E88}.Debug|Any CPU.ActiveCfg = Debug|Any CPU
		{AAD41B9E-0D35-4ACC-B4B6-E53F0FFF9E88}.Debug|Any CPU.Build.0 = Debug|Any CPU
		{AAD41B9E-0D35-4ACC-B4B6-E53F0FFF9E88}.Debug|x64.ActiveCfg = Debug|Any CPU
		{AAD41B9E-0D35-4ACC-B4B6-E53F0FFF9E88}.Debug|x64.Build.0 = Debug|Any CPU
		{AAD41B9E-0D35-4ACC-B4B6-E53F0FFF9E88}.Debug|x86.ActiveCfg = Debug|Any CPU
		{AAD41B9E-0D35-4ACC-B4B6-E53F0FFF9E88}.Debug|x86.Build.0 = Debug|Any CPU
		{AAD41B9E-0D35-4ACC-B4B6-E53F0FFF9E88}.Release|Any CPU.ActiveCfg = Release|Any CPU
		{AAD41B9E-0D35-4ACC-B4B6-E53F0FFF9E88}.Release|Any CPU.Build.0 = Release|Any CPU
		{AAD41B9E-0D35-4ACC-B4B6-E53F0FFF9E88}.Release|x64.ActiveCfg = Release|Any CPU
		{AAD41B9E-0D35-4ACC-B4B6-E53F0FFF9E88}.Release|x64.Build.0 = Release|Any CPU
		{AAD41B9E-0D35-4ACC-B4B6-E53F0FFF9E88}.Release|x86.ActiveCfg = Release|Any CPU
		{AAD41B9E-0D35-4ACC-B4B6-E53F0FFF9E88}.Release|x86.Build.0 = Release|Any CPU
		{BA23C761-00E7-442D-BB6D-517975646505}.Debug|Any CPU.ActiveCfg = Debug|Any CPU
		{BA23C761-00E7-442D-BB6D-517975646505}.Debug|Any CPU.Build.0 = Debug|Any CPU
		{BA23C761-00E7-442D-BB6D-517975646505}.Debug|x64.ActiveCfg = Debug|Any CPU
		{BA23C761-00E7-442D-BB6D-517975646505}.Debug|x64.Build.0 = Debug|Any CPU
		{BA23C761-00E7-442D-BB6D-517975646505}.Debug|x86.ActiveCfg = Debug|Any CPU
		{BA23C761-00E7-442D-BB6D-517975646505}.Debug|x86.Build.0 = Debug|Any CPU
		{BA23C761-00E7-442D-BB6D-517975646505}.Release|Any CPU.ActiveCfg = Release|Any CPU
		{BA23C761-00E7-442D-BB6D-517975646505}.Release|Any CPU.Build.0 = Release|Any CPU
		{BA23C761-00E7-442D-BB6D-517975646505}.Release|x64.ActiveCfg = Release|Any CPU
		{BA23C761-00E7-442D-BB6D-517975646505}.Release|x64.Build.0 = Release|Any CPU
		{BA23C761-00E7-442D-BB6D-517975646505}.Release|x86.ActiveCfg = Release|Any CPU
		{BA23C761-00E7-442D-BB6D-517975646505}.Release|x86.Build.0 = Release|Any CPU
		{9B7A8E03-FC76-4C47-8182-9049EECDEB6D}.Debug|Any CPU.ActiveCfg = Debug|Any CPU
		{9B7A8E03-FC76-4C47-8182-9049EECDEB6D}.Debug|Any CPU.Build.0 = Debug|Any CPU
		{9B7A8E03-FC76-4C47-8182-9049EECDEB6D}.Debug|x64.ActiveCfg = Debug|Any CPU
		{9B7A8E03-FC76-4C47-8182-9049EECDEB6D}.Debug|x64.Build.0 = Debug|Any CPU
		{9B7A8E03-FC76-4C47-8182-9049EECDEB6D}.Debug|x86.ActiveCfg = Debug|Any CPU
		{9B7A8E03-FC76-4C47-8182-9049EECDEB6D}.Debug|x86.Build.0 = Debug|Any CPU
		{9B7A8E03-FC76-4C47-8182-9049EECDEB6D}.Release|Any CPU.ActiveCfg = Release|Any CPU
		{9B7A8E03-FC76-4C47-8182-9049EECDEB6D}.Release|Any CPU.Build.0 = Release|Any CPU
		{9B7A8E03-FC76-4C47-8182-9049EECDEB6D}.Release|x64.ActiveCfg = Release|Any CPU
		{9B7A8E03-FC76-4C47-8182-9049EECDEB6D}.Release|x64.Build.0 = Release|Any CPU
		{9B7A8E03-FC76-4C47-8182-9049EECDEB6D}.Release|x86.ActiveCfg = Release|Any CPU
		{9B7A8E03-FC76-4C47-8182-9049EECDEB6D}.Release|x86.Build.0 = Release|Any CPU
		{18511245-C661-4563-A2A5-40F01B4219A4}.Debug|Any CPU.ActiveCfg = Debug|Any CPU
		{18511245-C661-4563-A2A5-40F01B4219A4}.Debug|Any CPU.Build.0 = Debug|Any CPU
		{18511245-C661-4563-A2A5-40F01B4219A4}.Debug|x64.ActiveCfg = Debug|Any CPU
		{18511245-C661-4563-A2A5-40F01B4219A4}.Debug|x64.Build.0 = Debug|Any CPU
		{18511245-C661-4563-A2A5-40F01B4219A4}.Debug|x86.ActiveCfg = Debug|Any CPU
		{18511245-C661-4563-A2A5-40F01B4219A4}.Debug|x86.Build.0 = Debug|Any CPU
		{18511245-C661-4563-A2A5-40F01B4219A4}.Release|Any CPU.ActiveCfg = Release|Any CPU
		{18511245-C661-4563-A2A5-40F01B4219A4}.Release|Any CPU.Build.0 = Release|Any CPU
		{18511245-C661-4563-A2A5-40F01B4219A4}.Release|x64.ActiveCfg = Release|Any CPU
		{18511245-C661-4563-A2A5-40F01B4219A4}.Release|x64.Build.0 = Release|Any CPU
		{18511245-C661-4563-A2A5-40F01B4219A4}.Release|x86.ActiveCfg = Release|Any CPU
		{18511245-C661-4563-A2A5-40F01B4219A4}.Release|x86.Build.0 = Release|Any CPU
		{2EDB0361-7335-45B6-84AF-029ECBD86D65}.Debug|Any CPU.ActiveCfg = Debug|Any CPU
		{2EDB0361-7335-45B6-84AF-029ECBD86D65}.Debug|Any CPU.Build.0 = Debug|Any CPU
		{2EDB0361-7335-45B6-84AF-029ECBD86D65}.Debug|x64.ActiveCfg = Debug|Any CPU
		{2EDB0361-7335-45B6-84AF-029ECBD86D65}.Debug|x64.Build.0 = Debug|Any CPU
		{2EDB0361-7335-45B6-84AF-029ECBD86D65}.Debug|x86.ActiveCfg = Debug|Any CPU
		{2EDB0361-7335-45B6-84AF-029ECBD86D65}.Debug|x86.Build.0 = Debug|Any CPU
		{2EDB0361-7335-45B6-84AF-029ECBD86D65}.Release|Any CPU.ActiveCfg = Release|Any CPU
		{2EDB0361-7335-45B6-84AF-029ECBD86D65}.Release|Any CPU.Build.0 = Release|Any CPU
		{2EDB0361-7335-45B6-84AF-029ECBD86D65}.Release|x64.ActiveCfg = Release|Any CPU
		{2EDB0361-7335-45B6-84AF-029ECBD86D65}.Release|x64.Build.0 = Release|Any CPU
		{2EDB0361-7335-45B6-84AF-029ECBD86D65}.Release|x86.ActiveCfg = Release|Any CPU
		{2EDB0361-7335-45B6-84AF-029ECBD86D65}.Release|x86.Build.0 = Release|Any CPU
	EndGlobalSection
	GlobalSection(SolutionProperties) = preSolution
		HideSolutionNode = FALSE
	EndGlobalSection
	GlobalSection(NestedProjects) = preSolution
		{72A23697-2A7A-48A6-B7C7-F9F44DEFCF5E} = {98BE34B7-F6F9-F5D3-1323-DB8886742372}
		{60066A71-3100-477E-AC14-E38F920D3345} = {98BE34B7-F6F9-F5D3-1323-DB8886742372}
		{61A91F64-03A9-4FEF-A0F7-177658FC83C1} = {98BE34B7-F6F9-F5D3-1323-DB8886742372}
		{01383DB1-B814-45C9-8E66-0BE6F1F0B443} = {98BE34B7-F6F9-F5D3-1323-DB8886742372}
		{1DCAC808-3720-487B-9F93-39B4BCF908FB} = {98BE34B7-F6F9-F5D3-1323-DB8886742372}
		{FAAF4EAE-B661-4782-B238-6103E7E3B819} = {379C92FA-AB7E-77D9-FDD8-E085CB11E0ED}
		{C41439BD-63CA-4D88-98F5-3E4B677595BF} = {379C92FA-AB7E-77D9-FDD8-E085CB11E0ED}
		{AAD41B9E-0D35-4ACC-B4B6-E53F0FFF9E88} = {98BE34B7-F6F9-F5D3-1323-DB8886742372}
		{BA23C761-00E7-442D-BB6D-517975646505} = {379C92FA-AB7E-77D9-FDD8-E085CB11E0ED}
		{9B7A8E03-FC76-4C47-8182-9049EECDEB6D} = {379C92FA-AB7E-77D9-FDD8-E085CB11E0ED}
		{2EDB0361-7335-45B6-84AF-029ECBD86D65} = {98BE34B7-F6F9-F5D3-1323-DB8886742372}
	EndGlobalSection
EndGlobal
